// !$*UTF8*$!
{
	archiveVersion = 1;
	classes = {
	};
	objectVersion = 56;
	objects = {

/* Begin PBXBuildFile section */
		26B788512A632A83006F55AA /* AppDelegate.swift in Sources */ = {isa = PBXBuildFile; fileRef = 26B788502A632A83006F55AA /* AppDelegate.swift */; };
		26B788552A632A83006F55AA /* CatImagesViewController.swift in Sources */ = {isa = PBXBuildFile; fileRef = 26B788542A632A83006F55AA /* CatImagesViewController.swift */; };
		26B788582A632A83006F55AA /* Main.storyboard in Resources */ = {isa = PBXBuildFile; fileRef = 26B788562A632A83006F55AA /* Main.storyboard */; };
		26B7885A2A632A84006F55AA /* Assets.xcassets in Resources */ = {isa = PBXBuildFile; fileRef = 26B788592A632A84006F55AA /* Assets.xcassets */; };
		26B7885D2A632A84006F55AA /* LaunchScreen.storyboard in Resources */ = {isa = PBXBuildFile; fileRef = 26B7885B2A632A84006F55AA /* LaunchScreen.storyboard */; };
		26B788662A63636D006F55AA /* CatImagesInteractor.swift in Sources */ = {isa = PBXBuildFile; fileRef = 26B788652A63636D006F55AA /* CatImagesInteractor.swift */; };
		26B788682A6364AD006F55AA /* CatImagesConstants.swift in Sources */ = {isa = PBXBuildFile; fileRef = 26B788672A6364AD006F55AA /* CatImagesConstants.swift */; };
		26B7886A2A63703E006F55AA /* CatImagesPresenter.swift in Sources */ = {isa = PBXBuildFile; fileRef = 26B788692A63703E006F55AA /* CatImagesPresenter.swift */; };
		26B7886E2A637E25006F55AA /* SceneDelegate.swift in Sources */ = {isa = PBXBuildFile; fileRef = 26B7886D2A637E25006F55AA /* SceneDelegate.swift */; };
		D03E8BD2D0ED4DABBC11D5D8 /* Pods_SwiftTest.framework in Frameworks */ = {isa = PBXBuildFile; fileRef = 32861CC08F8C82B05E772FA1 /* Pods_SwiftTest.framework */; };
/* End PBXBuildFile section */

/* Begin PBXFileReference section */
		26B7884D2A632A83006F55AA /* SwiftTest.app */ = {isa = PBXFileReference; explicitFileType = wrapper.application; includeInIndex = 0; path = SwiftTest.app; sourceTree = BUILT_PRODUCTS_DIR; };
		26B788502A632A83006F55AA /* AppDelegate.swift */ = {isa = PBXFileReference; lastKnownFileType = sourcecode.swift; path = AppDelegate.swift; sourceTree = "<group>"; };
		26B788542A632A83006F55AA /* CatImagesViewController.swift */ = {isa = PBXFileReference; lastKnownFileType = sourcecode.swift; path = CatImagesViewController.swift; sourceTree = "<group>"; };
		26B788572A632A83006F55AA /* Base */ = {isa = PBXFileReference; lastKnownFileType = file.storyboard; name = Base; path = Base.lproj/Main.storyboard; sourceTree = "<group>"; };
		26B788592A632A84006F55AA /* Assets.xcassets */ = {isa = PBXFileReference; lastKnownFileType = folder.assetcatalog; path = Assets.xcassets; sourceTree = "<group>"; };
		26B7885C2A632A84006F55AA /* Base */ = {isa = PBXFileReference; lastKnownFileType = file.storyboard; name = Base; path = Base.lproj/LaunchScreen.storyboard; sourceTree = "<group>"; };
		26B7885E2A632A84006F55AA /* Info.plist */ = {isa = PBXFileReference; lastKnownFileType = text.plist.xml; path = Info.plist; sourceTree = "<group>"; };
		26B788652A63636D006F55AA /* CatImagesInteractor.swift */ = {isa = PBXFileReference; lastKnownFileType = sourcecode.swift; path = CatImagesInteractor.swift; sourceTree = "<group>"; };
		26B788672A6364AD006F55AA /* CatImagesConstants.swift */ = {isa = PBXFileReference; lastKnownFileType = sourcecode.swift; path = CatImagesConstants.swift; sourceTree = "<group>"; };
		26B788692A63703E006F55AA /* CatImagesPresenter.swift */ = {isa = PBXFileReference; lastKnownFileType = sourcecode.swift; path = CatImagesPresenter.swift; sourceTree = "<group>"; };
		26B7886D2A637E25006F55AA /* SceneDelegate.swift */ = {isa = PBXFileReference; fileEncoding = 4; lastKnownFileType = sourcecode.swift; path = SceneDelegate.swift; sourceTree = "<group>"; };
		32861CC08F8C82B05E772FA1 /* Pods_SwiftTest.framework */ = {isa = PBXFileReference; explicitFileType = wrapper.framework; includeInIndex = 0; path = Pods_SwiftTest.framework; sourceTree = BUILT_PRODUCTS_DIR; };
		59875CBEB9E9A0E48DFE46AF /* Pods-SwiftTest.debug.xcconfig */ = {isa = PBXFileReference; includeInIndex = 1; lastKnownFileType = text.xcconfig; name = "Pods-SwiftTest.debug.xcconfig"; path = "Target Support Files/Pods-SwiftTest/Pods-SwiftTest.debug.xcconfig"; sourceTree = "<group>"; };
		BA1B3E0D8BC608C4E9E80E6B /* Pods-SwiftTest.release.xcconfig */ = {isa = PBXFileReference; includeInIndex = 1; lastKnownFileType = text.xcconfig; name = "Pods-SwiftTest.release.xcconfig"; path = "Target Support Files/Pods-SwiftTest/Pods-SwiftTest.release.xcconfig"; sourceTree = "<group>"; };
/* End PBXFileReference section */

/* Begin PBXFrameworksBuildPhase section */
		26B7884A2A632A83006F55AA /* Frameworks */ = {
			isa = PBXFrameworksBuildPhase;
			buildActionMask = 2147483647;
			files = (
				D03E8BD2D0ED4DABBC11D5D8 /* Pods_SwiftTest.framework in Frameworks */,
			);
			runOnlyForDeploymentPostprocessing = 0;
		};
/* End PBXFrameworksBuildPhase section */

/* Begin PBXGroup section */
		26B788442A632A83006F55AA = {
			isa = PBXGroup;
			children = (
				26B7884F2A632A83006F55AA /* SwiftTest */,
				26B7884E2A632A83006F55AA /* Products */,
				42647A5E0771A51BF6E306E3 /* Pods */,
				C476035B5F5B7D20534A8AE8 /* Frameworks */,
			);
			sourceTree = "<group>";
		};
		26B7884E2A632A83006F55AA /* Products */ = {
			isa = PBXGroup;
			children = (
				26B7884D2A632A83006F55AA /* SwiftTest.app */,
			);
			name = Products;
			sourceTree = "<group>";
		};
		26B7884F2A632A83006F55AA /* SwiftTest */ = {
			isa = PBXGroup;
			children = (
				26B788642A63631E006F55AA /* CatImages */,
				26B788502A632A83006F55AA /* AppDelegate.swift */,
				26B7886D2A637E25006F55AA /* SceneDelegate.swift */,
				26B788562A632A83006F55AA /* Main.storyboard */,
				26B788592A632A84006F55AA /* Assets.xcassets */,
				26B7885B2A632A84006F55AA /* LaunchScreen.storyboard */,
				26B7885E2A632A84006F55AA /* Info.plist */,
			);
			path = SwiftTest;
			sourceTree = "<group>";
		};
		26B788642A63631E006F55AA /* CatImages */ = {
			isa = PBXGroup;
			children = (
				26B788542A632A83006F55AA /* CatImagesViewController.swift */,
				26B788652A63636D006F55AA /* CatImagesInteractor.swift */,
				26B788672A6364AD006F55AA /* CatImagesConstants.swift */,
				26B788692A63703E006F55AA /* CatImagesPresenter.swift */,
			);
			path = CatImages;
			sourceTree = "<group>";
		};
		42647A5E0771A51BF6E306E3 /* Pods */ = {
			isa = PBXGroup;
			children = (
				59875CBEB9E9A0E48DFE46AF /* Pods-SwiftTest.debug.xcconfig */,
				BA1B3E0D8BC608C4E9E80E6B /* Pods-SwiftTest.release.xcconfig */,
			);
			path = Pods;
			sourceTree = "<group>";
		};
		C476035B5F5B7D20534A8AE8 /* Frameworks */ = {
			isa = PBXGroup;
			children = (
				32861CC08F8C82B05E772FA1 /* Pods_SwiftTest.framework */,
			);
			name = Frameworks;
			sourceTree = "<group>";
		};
/* End PBXGroup section */

/* Begin PBXNativeTarget section */
		26B7884C2A632A83006F55AA /* SwiftTest */ = {
			isa = PBXNativeTarget;
			buildConfigurationList = 26B788612A632A84006F55AA /* Build configuration list for PBXNativeTarget "SwiftTest" */;
			buildPhases = (
				79BCC3FB59B56D5482238993 /* [CP] Check Pods Manifest.lock */,
				26B788492A632A83006F55AA /* Sources */,
				26B7884A2A632A83006F55AA /* Frameworks */,
				26B7884B2A632A83006F55AA /* Resources */,
				5E9078E41DB884EC1AED29EA /* [CP] Embed Pods Frameworks */,
			);
			buildRules = (
			);
			dependencies = (
			);
			name = SwiftTest;
			productName = SwiftTest;
			productReference = 26B7884D2A632A83006F55AA /* SwiftTest.app */;
			productType = "com.apple.product-type.application";
		};
/* End PBXNativeTarget section */

/* Begin PBXProject section */
		26B788452A632A83006F55AA /* Project object */ = {
			isa = PBXProject;
			attributes = {
				BuildIndependentTargetsInParallel = 1;
				LastSwiftUpdateCheck = 1420;
				LastUpgradeCheck = 1420;
				TargetAttributes = {
					26B7884C2A632A83006F55AA = {
						CreatedOnToolsVersion = 14.2;
					};
				};
			};
			buildConfigurationList = 26B788482A632A83006F55AA /* Build configuration list for PBXProject "SwiftTest" */;
			compatibilityVersion = "Xcode 14.0";
			developmentRegion = en;
			hasScannedForEncodings = 0;
			knownRegions = (
				en,
				Base,
			);
			mainGroup = 26B788442A632A83006F55AA;
			productRefGroup = 26B7884E2A632A83006F55AA /* Products */;
			projectDirPath = "";
			projectRoot = "";
			targets = (
				26B7884C2A632A83006F55AA /* SwiftTest */,
			);
		};
/* End PBXProject section */

/* Begin PBXResourcesBuildPhase section */
		26B7884B2A632A83006F55AA /* Resources */ = {
			isa = PBXResourcesBuildPhase;
			buildActionMask = 2147483647;
			files = (
				26B7885D2A632A84006F55AA /* LaunchScreen.storyboard in Resources */,
				26B7885A2A632A84006F55AA /* Assets.xcassets in Resources */,
				26B788582A632A83006F55AA /* Main.storyboard in Resources */,
			);
			runOnlyForDeploymentPostprocessing = 0;
		};
/* End PBXResourcesBuildPhase section */

/* Begin PBXShellScriptBuildPhase section */
		5E9078E41DB884EC1AED29EA /* [CP] Embed Pods Frameworks */ = {
			isa = PBXShellScriptBuildPhase;
			buildActionMask = 2147483647;
			files = (
			);
			inputFileListPaths = (
				"${PODS_ROOT}/Target Support Files/Pods-SwiftTest/Pods-SwiftTest-frameworks-${CONFIGURATION}-input-files.xcfilelist",
			);
			name = "[CP] Embed Pods Frameworks";
			outputFileListPaths = (
				"${PODS_ROOT}/Target Support Files/Pods-SwiftTest/Pods-SwiftTest-frameworks-${CONFIGURATION}-output-files.xcfilelist",
			);
			runOnlyForDeploymentPostprocessing = 0;
			shellPath = /bin/sh;
			shellScript = "\"${PODS_ROOT}/Target Support Files/Pods-SwiftTest/Pods-SwiftTest-frameworks.sh\"\n";
			showEnvVarsInLog = 0;
		};
		79BCC3FB59B56D5482238993 /* [CP] Check Pods Manifest.lock */ = {
			isa = PBXShellScriptBuildPhase;
			buildActionMask = 2147483647;
			files = (
			);
			inputFileListPaths = (
			);
			inputPaths = (
				"${PODS_PODFILE_DIR_PATH}/Podfile.lock",
				"${PODS_ROOT}/Manifest.lock",
			);
			name = "[CP] Check Pods Manifest.lock";
			outputFileListPaths = (
			);
			outputPaths = (
				"$(DERIVED_FILE_DIR)/Pods-SwiftTest-checkManifestLockResult.txt",
			);
			runOnlyForDeploymentPostprocessing = 0;
			shellPath = /bin/sh;
			shellScript = "diff \"${PODS_PODFILE_DIR_PATH}/Podfile.lock\" \"${PODS_ROOT}/Manifest.lock\" > /dev/null\nif [ $? != 0 ] ; then\n    # print error to STDERR\n    echo \"error: The sandbox is not in sync with the Podfile.lock. Run 'pod install' or update your CocoaPods installation.\" >&2\n    exit 1\nfi\n# This output is used by Xcode 'outputs' to avoid re-running this script phase.\necho \"SUCCESS\" > \"${SCRIPT_OUTPUT_FILE_0}\"\n";
			showEnvVarsInLog = 0;
		};
/* End PBXShellScriptBuildPhase section */

/* Begin PBXSourcesBuildPhase section */
		26B788492A632A83006F55AA /* Sources */ = {
			isa = PBXSourcesBuildPhase;
			buildActionMask = 2147483647;
			files = (
				26B788662A63636D006F55AA /* CatImagesInteractor.swift in Sources */,
				26B7886E2A637E25006F55AA /* SceneDelegate.swift in Sources */,
				26B788552A632A83006F55AA /* CatImagesViewController.swift in Sources */,
				26B788682A6364AD006F55AA /* CatImagesConstants.swift in Sources */,
				26B788512A632A83006F55AA /* AppDelegate.swift in Sources */,
				26B7886A2A63703E006F55AA /* CatImagesPresenter.swift in Sources */,
			);
			runOnlyForDeploymentPostprocessing = 0;
		};
/* End PBXSourcesBuildPhase section */

/* Begin PBXVariantGroup section */
		26B788562A632A83006F55AA /* Main.storyboard */ = {
			isa = PBXVariantGroup;
			children = (
				26B788572A632A83006F55AA /* Base */,
			);
			name = Main.storyboard;
			sourceTree = "<group>";
		};
		26B7885B2A632A84006F55AA /* LaunchScreen.storyboard */ = {
			isa = PBXVariantGroup;
			children = (
				26B7885C2A632A84006F55AA /* Base */,
			);
			name = LaunchScreen.storyboard;
			sourceTree = "<group>";
		};
/* End PBXVariantGroup section */

/* Begin XCBuildConfiguration section */
		26B7885F2A632A84006F55AA /* Debug */ = {
			isa = XCBuildConfiguration;
			buildSettings = {
				ALWAYS_SEARCH_USER_PATHS = NO;
				CLANG_ANALYZER_NONNULL = YES;
				CLANG_ANALYZER_NUMBER_OBJECT_CONVERSION = YES_AGGRESSIVE;
				CLANG_CXX_LANGUAGE_STANDARD = "gnu++20";
				CLANG_ENABLE_MODULES = YES;
				CLANG_ENABLE_OBJC_ARC = YES;
				CLANG_ENABLE_OBJC_WEAK = YES;
				CLANG_WARN_BLOCK_CAPTURE_AUTORELEASING = YES;
				CLANG_WARN_BOOL_CONVERSION = YES;
				CLANG_WARN_COMMA = YES;
				CLANG_WARN_CONSTANT_CONVERSION = YES;
				CLANG_WARN_DEPRECATED_OBJC_IMPLEMENTATIONS = YES;
				CLANG_WARN_DIRECT_OBJC_ISA_USAGE = YES_ERROR;
				CLANG_WARN_DOCUMENTATION_COMMENTS = YES;
				CLANG_WARN_EMPTY_BODY = YES;
				CLANG_WARN_ENUM_CONVERSION = YES;
				CLANG_WARN_INFINITE_RECURSION = YES;
				CLANG_WARN_INT_CONVERSION = YES;
				CLANG_WARN_NON_LITERAL_NULL_CONVERSION = YES;
				CLANG_WARN_OBJC_IMPLICIT_RETAIN_SELF = YES;
				CLANG_WARN_OBJC_LITERAL_CONVERSION = YES;
				CLANG_WARN_OBJC_ROOT_CLASS = YES_ERROR;
				CLANG_WARN_QUOTED_INCLUDE_IN_FRAMEWORK_HEADER = YES;
				CLANG_WARN_RANGE_LOOP_ANALYSIS = YES;
				CLANG_WARN_STRICT_PROTOTYPES = YES;
				CLANG_WARN_SUSPICIOUS_MOVE = YES;
				CLANG_WARN_UNGUARDED_AVAILABILITY = YES_AGGRESSIVE;
				CLANG_WARN_UNREACHABLE_CODE = YES;
				CLANG_WARN__DUPLICATE_METHOD_MATCH = YES;
				COPY_PHASE_STRIP = NO;
				DEBUG_INFORMATION_FORMAT = dwarf;
				ENABLE_STRICT_OBJC_MSGSEND = YES;
				ENABLE_TESTABILITY = YES;
				GCC_C_LANGUAGE_STANDARD = gnu11;
				GCC_DYNAMIC_NO_PIC = NO;
				GCC_NO_COMMON_BLOCKS = YES;
				GCC_OPTIMIZATION_LEVEL = 0;
				GCC_PREPROCESSOR_DEFINITIONS = (
					"DEBUG=1",
					"$(inherited)",
				);
				GCC_WARN_64_TO_32_BIT_CONVERSION = YES;
				GCC_WARN_ABOUT_RETURN_TYPE = YES_ERROR;
				GCC_WARN_UNDECLARED_SELECTOR = YES;
				GCC_WARN_UNINITIALIZED_AUTOS = YES_AGGRESSIVE;
				GCC_WARN_UNUSED_FUNCTION = YES;
				GCC_WARN_UNUSED_VARIABLE = YES;
				IPHONEOS_DEPLOYMENT_TARGET = 16.2;
				MTL_ENABLE_DEBUG_INFO = INCLUDE_SOURCE;
				MTL_FAST_MATH = YES;
				ONLY_ACTIVE_ARCH = YES;
				SDKROOT = iphoneos;
				SWIFT_ACTIVE_COMPILATION_CONDITIONS = DEBUG;
				SWIFT_OPTIMIZATION_LEVEL = "-Onone";
			};
			name = Debug;
		};
		26B788602A632A84006F55AA /* Release */ = {
			isa = XCBuildConfiguration;
			buildSettings = {
				ALWAYS_SEARCH_USER_PATHS = NO;
				CLANG_ANALYZER_NONNULL = YES;
				CLANG_ANALYZER_NUMBER_OBJECT_CONVERSION = YES_AGGRESSIVE;
				CLANG_CXX_LANGUAGE_STANDARD = "gnu++20";
				CLANG_ENABLE_MODULES = YES;
				CLANG_ENABLE_OBJC_ARC = YES;
				CLANG_ENABLE_OBJC_WEAK = YES;
				CLANG_WARN_BLOCK_CAPTURE_AUTORELEASING = YES;
				CLANG_WARN_BOOL_CONVERSION = YES;
				CLANG_WARN_COMMA = YES;
				CLANG_WARN_CONSTANT_CONVERSION = YES;
				CLANG_WARN_DEPRECATED_OBJC_IMPLEMENTATIONS = YES;
				CLANG_WARN_DIRECT_OBJC_ISA_USAGE = YES_ERROR;
				CLANG_WARN_DOCUMENTATION_COMMENTS = YES;
				CLANG_WARN_EMPTY_BODY = YES;
				CLANG_WARN_ENUM_CONVERSION = YES;
				CLANG_WARN_INFINITE_RECURSION = YES;
				CLANG_WARN_INT_CONVERSION = YES;
				CLANG_WARN_NON_LITERAL_NULL_CONVERSION = YES;
				CLANG_WARN_OBJC_IMPLICIT_RETAIN_SELF = YES;
				CLANG_WARN_OBJC_LITERAL_CONVERSION = YES;
				CLANG_WARN_OBJC_ROOT_CLASS = YES_ERROR;
				CLANG_WARN_QUOTED_INCLUDE_IN_FRAMEWORK_HEADER = YES;
				CLANG_WARN_RANGE_LOOP_ANALYSIS = YES;
				CLANG_WARN_STRICT_PROTOTYPES = YES;
				CLANG_WARN_SUSPICIOUS_MOVE = YES;
				CLANG_WARN_UNGUARDED_AVAILABILITY = YES_AGGRESSIVE;
				CLANG_WARN_UNREACHABLE_CODE = YES;
				CLANG_WARN__DUPLICATE_METHOD_MATCH = YES;
				COPY_PHASE_STRIP = NO;
				DEBUG_INFORMATION_FORMAT = "dwarf-with-dsym";
				ENABLE_NS_ASSERTIONS = NO;
				ENABLE_STRICT_OBJC_MSGSEND = YES;
				GCC_C_LANGUAGE_STANDARD = gnu11;
				GCC_NO_COMMON_BLOCKS = YES;
				GCC_WARN_64_TO_32_BIT_CONVERSION = YES;
				GCC_WARN_ABOUT_RETURN_TYPE = YES_ERROR;
				GCC_WARN_UNDECLARED_SELECTOR = YES;
				GCC_WARN_UNINITIALIZED_AUTOS = YES_AGGRESSIVE;
				GCC_WARN_UNUSED_FUNCTION = YES;
				GCC_WARN_UNUSED_VARIABLE = YES;
				IPHONEOS_DEPLOYMENT_TARGET = 16.2;
				MTL_ENABLE_DEBUG_INFO = NO;
				MTL_FAST_MATH = YES;
				SDKROOT = iphoneos;
				SWIFT_COMPILATION_MODE = wholemodule;
				SWIFT_OPTIMIZATION_LEVEL = "-O";
				VALIDATE_PRODUCT = YES;
			};
			name = Release;
		};
		26B788622A632A84006F55AA /* Debug */ = {
			isa = XCBuildConfiguration;
			baseConfigurationReference = 59875CBEB9E9A0E48DFE46AF /* Pods-SwiftTest.debug.xcconfig */;
			buildSettings = {
				ASSETCATALOG_COMPILER_APPICON_NAME = AppIcon;
				ASSETCATALOG_COMPILER_GLOBAL_ACCENT_COLOR_NAME = AccentColor;
				CODE_SIGN_STYLE = Automatic;
				CURRENT_PROJECT_VERSION = 1;
				DEVELOPMENT_TEAM = NFPHM2DXPD;
				GENERATE_INFOPLIST_FILE = YES;
				INFOPLIST_FILE = SwiftTest/Info.plist;
				INFOPLIST_KEY_UIApplicationSupportsIndirectInputEvents = YES;
				INFOPLIST_KEY_UILaunchStoryboardName = LaunchScreen;
				INFOPLIST_KEY_UIMainStoryboardFile = Main;
				INFOPLIST_KEY_UISupportedInterfaceOrientations_iPad = "UIInterfaceOrientationPortrait UIInterfaceOrientationPortraitUpsideDown UIInterfaceOrientationLandscapeLeft UIInterfaceOrientationLandscapeRight";
				INFOPLIST_KEY_UISupportedInterfaceOrientations_iPhone = "UIInterfaceOrientationPortrait UIInterfaceOrientationLandscapeLeft UIInterfaceOrientationLandscapeRight";
				LD_RUNPATH_SEARCH_PATHS = (
					"$(inherited)",
					"@executable_path/Frameworks",
				);
				MARKETING_VERSION = 1.0;
				PRODUCT_BUNDLE_IDENTIFIER = com.renilson.SwiftTest;
				PRODUCT_NAME = "$(TARGET_NAME)";
				SWIFT_EMIT_LOC_STRINGS = YES;
				SWIFT_VERSION = 5.0;
				TARGETED_DEVICE_FAMILY = "1,2";
			};
			name = Debug;
		};
		26B788632A632A84006F55AA /* Release */ = {
			isa = XCBuildConfiguration;
			baseConfigurationReference = BA1B3E0D8BC608C4E9E80E6B /* Pods-SwiftTest.release.xcconfig */;
			buildSettings = {
				ASSETCATALOG_COMPILER_APPICON_NAME = AppIcon;
				ASSETCATALOG_COMPILER_GLOBAL_ACCENT_COLOR_NAME = AccentColor;
				CODE_SIGN_STYLE = Automatic;
				CURRENT_PROJECT_VERSION = 1;
				DEVELOPMENT_TEAM = NFPHM2DXPD;
				GENERATE_INFOPLIST_FILE = YES;
				INFOPLIST_FILE = SwiftTest/Info.plist;
				INFOPLIST_KEY_UIApplicationSupportsIndirectInputEvents = YES;
				INFOPLIST_KEY_UILaunchStoryboardName = LaunchScreen;
				INFOPLIST_KEY_UIMainStoryboardFile = Main;
				INFOPLIST_KEY_UISupportedInterfaceOrientations_iPad = "UIInterfaceOrientationPortrait UIInterfaceOrientationPortraitUpsideDown UIInterfaceOrientationLandscapeLeft UIInterfaceOrientationLandscapeRight";
				INFOPLIST_KEY_UISupportedInterfaceOrientations_iPhone = "UIInterfaceOrientationPortrait UIInterfaceOrientationLandscapeLeft UIInterfaceOrientationLandscapeRight";
				LD_RUNPATH_SEARCH_PATHS = (
					"$(inherited)",
					"@executable_path/Frameworks",
				);
				MARKETING_VERSION = 1.0;
				PRODUCT_BUNDLE_IDENTIFIER = com.renilson.SwiftTest;
				PRODUCT_NAME = "$(TARGET_NAME)";
				SWIFT_EMIT_LOC_STRINGS = YES;
				SWIFT_VERSION = 5.0;
				TARGETED_DEVICE_FAMILY = "1,2";
			};
			name = Release;
		};
/* End XCBuildConfiguration section */

/* Begin XCConfigurationList section */
		26B788482A632A83006F55AA /* Build configuration list for PBXProject "SwiftTest" */ = {
			isa = XCConfigurationList;
			buildConfigurations = (
				26B7885F2A632A84006F55AA /* Debug */,
				26B788602A632A84006F55AA /* Release */,
			);
			defaultConfigurationIsVisible = 0;
			defaultConfigurationName = Release;
		};
		26B788612A632A84006F55AA /* Build configuration list for PBXNativeTarget "SwiftTest" */ = {
			isa = XCConfigurationList;
			buildConfigurations = (
				26B788622A632A84006F55AA /* Debug */,
				26B788632A632A84006F55AA /* Release */,
			);
			defaultConfigurationIsVisible = 0;
			defaultConfigurationName = Release;
		};
/* End XCConfigurationList section */
	};
	rootObject = 26B788452A632A83006F55AA /* Project object */;
}
